
Microsoft Visual Studio Solution File, Format Version 12.00
# Visual Studio Version 17
VisualStudioVersion = 17.1.32228.430
MinimumVisualStudioVersion = 10.0.40219.1
Project("{9A19103F-16F7-4668-BE54-9A1E7A4F7556}") = "Chinook.Web.UnitTest", "Chinook.Web.UnitTest.csproj", "{CD3C4DAF-9408-40EB-A66F-D7E7A0C40F17}"
EndProject
Project("{9A19103F-16F7-4668-BE54-9A1E7A4F7556}") = "Chinook.Web", "..\..\src\Chinook.Web\Chinook.Web.csproj", "{02EE9F36-6E9D-4136-B2BA-27DEEE136DE3}"
EndProject
Project("{9A19103F-16F7-4668-BE54-9A1E7A4F7556}") = "Chinook.Core", "..\..\src\Chinook.Core\Chinook.Core.csproj", "{36EB862E-B53D-4949-A505-A2BB3B0CB7F1}"
EndProject
Global
	GlobalSection(SolutionConfigurationPlatforms) = preSolution
		Debug|Any CPU = Debug|Any CPU
		Release|Any CPU = Release|Any CPU
	EndGlobalSection
	GlobalSection(ProjectConfigurationPlatforms) = postSolution
		{CD3C4DAF-9408-40EB-A66F-D7E7A0C40F17}.Debug|Any CPU.ActiveCfg = Debug|Any CPU
		{CD3C4DAF-9408-40EB-A66F-D7E7A0C40F17}.Debug|Any CPU.Build.0 = Debug|Any CPU
		{CD3C4DAF-9408-40EB-A66F-D7E7A0C40F17}.Release|Any CPU.ActiveCfg = Release|Any CPU
		{CD3C4DAF-9408-40EB-A66F-D7E7A0C40F17}.Release|Any CPU.Build.0 = Release|Any CPU
		{02EE9F36-6E9D-4136-B2BA-27DEEE136DE3}.Debug|Any CPU.ActiveCfg = Debug|Any CPU
		{02EE9F36-6E9D-4136-B2BA-27DEEE136DE3}.Debug|Any CPU.Build.0 = Debug|Any CPU
		{02EE9F36-6E9D-4136-B2BA-27DEEE136DE3}.Release|Any CPU.ActiveCfg = Release|Any CPU
		{02EE9F36-6E9D-4136-B2BA-27DEEE136DE3}.Release|Any CPU.Build.0 = Release|Any CPU
		{36EB862E-B53D-4949-A505-A2BB3B0CB7F1}.Debug|Any CPU.ActiveCfg = Debug|Any CPU
		{36EB862E-B53D-4949-A505-A2BB3B0CB7F1}.Debug|Any CPU.Build.0 = Debug|Any CPU
		{36EB862E-B53D-4949-A505-A2BB3B0CB7F1}.Release|Any CPU.ActiveCfg = Release|Any CPU
		{36EB862E-B53D-4949-A505-A2BB3B0CB7F1}.Release|Any CPU.Build.0 = Release|Any CPU
	EndGlobalSection
	GlobalSection(SolutionProperties) = preSolution
		HideSolutionNode = FALSE
	EndGlobalSection
	GlobalSection(ExtensibilityGlobals) = postSolution
		SolutionGuid = {F00FE8C2-B322-4D70-AE42-69575DF4911F}
	EndGlobalSection
EndGlobal
