
Microsoft Visual Studio Solution File, Format Version 12.00
# Visual Studio Version 16
VisualStudioVersion = 16.0.30413.136
MinimumVisualStudioVersion = 10.0.40219.1
Project("{9A19103F-16F7-4668-BE54-9A1E7A4F7556}") = "Chinook.Web", "Chinook\Chinook.Web.csproj", "{164CC135-B6EC-4BA6-8259-474739F8A3E5}"
EndProject
Project("{9A19103F-16F7-4668-BE54-9A1E7A4F7556}") = "Chinook.Core", "Chinook.Core\Chinook.Core.csproj", "{6431CAA1-9321-41B7-A148-683AFEEEEDA6}"
EndProject
Project("{9A19103F-16F7-4668-BE54-9A1E7A4F7556}") = "Chinook.Infrastructure", "Chinook.Infrastructure\Chinook.Infrastructure.csproj", "{A2EE8470-7B61-4AA2-95B6-635B988827D5}"
EndProject
Project("{2150E333-8FDC-42A3-9474-1A3956D46DE8}") = "Unit Test", "Unit Test", "{3192D5D8-43FF-4971-A4A8-EE309F9982AE}"
EndProject
Project("{9A19103F-16F7-4668-BE54-9A1E7A4F7556}") = "Chinook.Core.UnitTest", "..\test\Chinook.Core.Test\Chinook.Core.UnitTest.csproj", "{A175DAC0-BEC5-4C51-9664-B2565B416F3F}"
EndProject
Project("{9A19103F-16F7-4668-BE54-9A1E7A4F7556}") = "Chinook.Web.UnitTest", "..\test\Chinook.Web.Test\Chinook.Web.UnitTest.csproj", "{5C15551D-1314-4DC8-BF08-5977C182EF2D}"
EndProject
Project("{2150E333-8FDC-42A3-9474-1A3956D46DE8}") = "Presentation", "Presentation", "{346AA80C-406E-4D6B-A8E4-F6CF18C674C5}"
EndProject
Project("{2150E333-8FDC-42A3-9474-1A3956D46DE8}") = "Common", "Common", "{716DC36A-79FD-4F38-8B89-0CF64E1F5221}"
EndProject
Project("{2150E333-8FDC-42A3-9474-1A3956D46DE8}") = "Data", "Data", "{B7A44872-34DD-453F-A4A5-9940D0675603}"
EndProject
Global
	GlobalSection(SolutionConfigurationPlatforms) = preSolution
		Debug|Any CPU = Debug|Any CPU
		Release|Any CPU = Release|Any CPU
	EndGlobalSection
	GlobalSection(ProjectConfigurationPlatforms) = postSolution
		{164CC135-B6EC-4BA6-8259-474739F8A3E5}.Debug|Any CPU.ActiveCfg = Debug|Any CPU
		{164CC135-B6EC-4BA6-8259-474739F8A3E5}.Debug|Any CPU.Build.0 = Debug|Any CPU
		{164CC135-B6EC-4BA6-8259-474739F8A3E5}.Release|Any CPU.ActiveCfg = Release|Any CPU
		{164CC135-B6EC-4BA6-8259-474739F8A3E5}.Release|Any CPU.Build.0 = Release|Any CPU
		{6431CAA1-9321-41B7-A148-683AFEEEEDA6}.Debug|Any CPU.ActiveCfg = Debug|Any CPU
		{6431CAA1-9321-41B7-A148-683AFEEEEDA6}.Debug|Any CPU.Build.0 = Debug|Any CPU
		{6431CAA1-9321-41B7-A148-683AFEEEEDA6}.Release|Any CPU.ActiveCfg = Release|Any CPU
		{6431CAA1-9321-41B7-A148-683AFEEEEDA6}.Release|Any CPU.Build.0 = Release|Any CPU
		{A2EE8470-7B61-4AA2-95B6-635B988827D5}.Debug|Any CPU.ActiveCfg = Debug|Any CPU
		{A2EE8470-7B61-4AA2-95B6-635B988827D5}.Debug|Any CPU.Build.0 = Debug|Any CPU
		{A2EE8470-7B61-4AA2-95B6-635B988827D5}.Release|Any CPU.ActiveCfg = Release|Any CPU
		{A2EE8470-7B61-4AA2-95B6-635B988827D5}.Release|Any CPU.Build.0 = Release|Any CPU
		{A175DAC0-BEC5-4C51-9664-B2565B416F3F}.Debug|Any CPU.ActiveCfg = Debug|Any CPU
		{A175DAC0-BEC5-4C51-9664-B2565B416F3F}.Debug|Any CPU.Build.0 = Debug|Any CPU
		{A175DAC0-BEC5-4C51-9664-B2565B416F3F}.Release|Any CPU.ActiveCfg = Release|Any CPU
		{A175DAC0-BEC5-4C51-9664-B2565B416F3F}.Release|Any CPU.Build.0 = Release|Any CPU
		{5C15551D-1314-4DC8-BF08-5977C182EF2D}.Debug|Any CPU.ActiveCfg = Debug|Any CPU
		{5C15551D-1314-4DC8-BF08-5977C182EF2D}.Debug|Any CPU.Build.0 = Debug|Any CPU
		{5C15551D-1314-4DC8-BF08-5977C182EF2D}.Release|Any CPU.ActiveCfg = Release|Any CPU
		{5C15551D-1314-4DC8-BF08-5977C182EF2D}.Release|Any CPU.Build.0 = Release|Any CPU
	EndGlobalSection
	GlobalSection(SolutionProperties) = preSolution
		HideSolutionNode = FALSE
	EndGlobalSection
	GlobalSection(NestedProjects) = preSolution
		{164CC135-B6EC-4BA6-8259-474739F8A3E5} = {346AA80C-406E-4D6B-A8E4-F6CF18C674C5}
		{6431CAA1-9321-41B7-A148-683AFEEEEDA6} = {716DC36A-79FD-4F38-8B89-0CF64E1F5221}
		{A2EE8470-7B61-4AA2-95B6-635B988827D5} = {B7A44872-34DD-453F-A4A5-9940D0675603}
		{A175DAC0-BEC5-4C51-9664-B2565B416F3F} = {3192D5D8-43FF-4971-A4A8-EE309F9982AE}
		{5C15551D-1314-4DC8-BF08-5977C182EF2D} = {3192D5D8-43FF-4971-A4A8-EE309F9982AE}
	EndGlobalSection
	GlobalSection(ExtensibilityGlobals) = postSolution
		SolutionGuid = {C0F00824-379F-4A2E-A8C0-9144E3A004E8}
	EndGlobalSection
EndGlobal
